
Microsoft Visual Studio Solution File, Format Version 12.00
# Visual Studio Version 16
VisualStudioVersion = 16.0.30907.101
MinimumVisualStudioVersion = 10.0.40219.1
Project("{9A19103F-16F7-4668-BE54-9A1E7A4F7556}") = "ders0.1", "c_sarp_dersler_youtube\ders0.1.csproj", "{B5BC6ACF-8229-48C8-8AE7-AD6EE86D11C9}"
EndProject
Project("{9A19103F-16F7-4668-BE54-9A1E7A4F7556}") = "ders0.3", "ders3\ders0.3.csproj", "{4C46EF07-3A2A-4C09-AFB3-1141BB74F2D6}"
EndProject
Project("{9A19103F-16F7-4668-BE54-9A1E7A4F7556}") = "ders0.4", "ders4\ders0.4.csproj", "{D4AEE42C-BCC3-4181-A2D8-D5484BF05CD9}"
EndProject
Project("{9A19103F-16F7-4668-BE54-9A1E7A4F7556}") = "ders0.5", "Ders5.1\ders0.5.csproj", "{367B3B92-E3B5-4AEB-94E6-D1A9A4969830}"
EndProject
Project("{9A19103F-16F7-4668-BE54-9A1E7A4F7556}") = "ders0.6", "ders6\ders0.6.csproj", "{124885B1-5AC7-4136-AE51-3D88961165FA}"
EndProject
Project("{9A19103F-16F7-4668-BE54-9A1E7A4F7556}") = "ders0.7", "ders7\ders0.7.csproj", "{D63B61EC-C93F-409C-AA1E-79E1BB91365C}"
EndProject
Project("{9A19103F-16F7-4668-BE54-9A1E7A4F7556}") = "ders0.8", "ders8\ders0.8.csproj", "{CE975623-29F2-4806-9F12-1A78B55A4472}"
EndProject
Project("{9A19103F-16F7-4668-BE54-9A1E7A4F7556}") = "ders0.9", "ders9\ders0.9.csproj", "{BE18EF0C-15B9-42FB-953E-8FF5B3DB4806}"
EndProject
Project("{9A19103F-16F7-4668-BE54-9A1E7A4F7556}") = "ders1.0", "ders10\ders1.0.csproj", "{E7C8F7AB-E4FC-48CC-A83C-6A547A60184D}"
EndProject
Project("{9A19103F-16F7-4668-BE54-9A1E7A4F7556}") = "ders1.1", "ders1.1\ders1.1.csproj", "{1F76ED4E-B33C-4D1D-B078-D146C0EC7BD9}"
EndProject
Project("{9A19103F-16F7-4668-BE54-9A1E7A4F7556}") = "ders1.2", "ders1.2\ders1.2.csproj", "{123E29A6-FE9F-4293-AD3A-E9D60D87FB88}"
EndProject
Project("{9A19103F-16F7-4668-BE54-9A1E7A4F7556}") = "ders1.3", "ders1.3\ders1.3.csproj", "{ED7FDB48-C554-4069-8094-67AA56B95D0A}"
EndProject
Project("{9A19103F-16F7-4668-BE54-9A1E7A4F7556}") = "ders1.4", "ders1.4\ders1.4.csproj", "{9E036E7F-0288-4073-9B70-9700AD5272CC}"
EndProject
Project("{9A19103F-16F7-4668-BE54-9A1E7A4F7556}") = "ders1.5", "ders1.5\ders1.5.csproj", "{7846D6D4-1165-486D-B518-2FE3FE5F7D0B}"
EndProject
Project("{9A19103F-16F7-4668-BE54-9A1E7A4F7556}") = "ders1.6", "ders1.6\ders1.6.csproj", "{A87654D1-8A4D-4435-ADFA-6C515AD233C8}"
EndProject
Project("{9A19103F-16F7-4668-BE54-9A1E7A4F7556}") = "ders1.7", "ders1.7\ders1.7.csproj", "{C7A36309-C3E1-4557-A661-79A2B7D77411}"
EndProject
Project("{9A19103F-16F7-4668-BE54-9A1E7A4F7556}") = "ders1.8", "ders1.8\ders1.8.csproj", "{FAB11632-9BCE-4508-9EC6-996E5BC68DF8}"
EndProject
Project("{9A19103F-16F7-4668-BE54-9A1E7A4F7556}") = "ders1.9", "ders1.9\ders1.9.csproj", "{4116AADB-91D8-4765-A31E-DEAC786D22CE}"
EndProject
Project("{9A19103F-16F7-4668-BE54-9A1E7A4F7556}") = "ders2.0", "ders2.0\ders2.0.csproj", "{2BF3BAB5-8271-4B04-9887-1F233B6CAC44}"
EndProject
Project("{9A19103F-16F7-4668-BE54-9A1E7A4F7556}") = "ders2.1", "ders2.1\ders2.1.csproj", "{E0871EB4-B7C8-49E3-A107-3E80D170998E}"
EndProject
Project("{9A19103F-16F7-4668-BE54-9A1E7A4F7556}") = "ders2.2", "ders2.2\ders2.2.csproj", "{F53AF191-0189-4576-B6E5-0AF8C54CC106}"
EndProject
Project("{9A19103F-16F7-4668-BE54-9A1E7A4F7556}") = "ders2.3", "ders2.3\ders2.3.csproj", "{C33235F1-9A48-4FF7-BAB6-9A8A379ABFFE}"
EndProject
Project("{9A19103F-16F7-4668-BE54-9A1E7A4F7556}") = "ders2.4", "ders2.4\ders2.4.csproj", "{155F6F9C-FE33-453F-AF35-EF5332FE00DC}"
EndProject
Project("{9A19103F-16F7-4668-BE54-9A1E7A4F7556}") = "ders2.5", "ders2.5\ders2.5.csproj", "{82E4FB5D-2306-47F2-A0DD-7ECF7332041C}"
EndProject
Project("{9A19103F-16F7-4668-BE54-9A1E7A4F7556}") = "ders2.6", "ders2.6\ders2.6.csproj", "{965CC950-829A-4174-860B-E95895DB00E9}"
EndProject
Project("{9A19103F-16F7-4668-BE54-9A1E7A4F7556}") = "ders2.7", "ders2.7\ders2.7.csproj", "{51EEC289-283B-495F-A4AE-7FA279FDE0D7}"
EndProject
Project("{9A19103F-16F7-4668-BE54-9A1E7A4F7556}") = "ders2.8", "ders2.8\ders2.8.csproj", "{2A312A4F-346D-4035-B7D5-A5AA226B9E70}"
EndProject
Project("{9A19103F-16F7-4668-BE54-9A1E7A4F7556}") = "ders2.9", "ders2.9\ders2.9.csproj", "{6AF670FE-249E-4F01-9D84-A2A132E24BFC}"
EndProject
Project("{9A19103F-16F7-4668-BE54-9A1E7A4F7556}") = "ders3.0", "ders3.0\ders3.0.csproj", "{88F51445-C878-487B-9279-5440548EE190}"
EndProject
Project("{9A19103F-16F7-4668-BE54-9A1E7A4F7556}") = "ders3.1", "ders3.1\ders3.1.csproj", "{96A11B03-7013-4E13-963E-C526417F46CE}"
EndProject
Project("{9A19103F-16F7-4668-BE54-9A1E7A4F7556}") = "ders3.2", "ders3.2\ders3.2.csproj", "{C7034F41-A7DB-4277-BF6D-109259C19616}"
EndProject
Project("{9A19103F-16F7-4668-BE54-9A1E7A4F7556}") = "ders3.3", "ders3.3\ders3.3.csproj", "{B71793E0-4633-4506-AEAC-C1843FBFA337}"
EndProject
Project("{9A19103F-16F7-4668-BE54-9A1E7A4F7556}") = "ders3.4", "ders3.4\ders3.4.csproj", "{EEB78B3B-5C6C-4F1C-BA55-EC19CE41277E}"
EndProject
Project("{9A19103F-16F7-4668-BE54-9A1E7A4F7556}") = "ders3.5", "ders3.5\ders3.5.csproj", "{AC656A1D-22F8-4936-9702-C6D71A4ECDF7}"
EndProject
Project("{9A19103F-16F7-4668-BE54-9A1E7A4F7556}") = "ders3.6", "ders3.6\ders3.6.csproj", "{E6415996-F1D9-4CDD-98A7-F60D38CC414A}"
EndProject
Project("{9A19103F-16F7-4668-BE54-9A1E7A4F7556}") = "ders3.7", "ders3.7\ders3.7.csproj", "{76116540-31B9-4795-903D-27123F72D1FE}"
EndProject
Project("{9A19103F-16F7-4668-BE54-9A1E7A4F7556}") = "ders3.8", "ders3.8\ders3.8.csproj", "{7F30AB8F-3A8B-46DA-96AB-D92B554D1FCE}"
EndProject
Project("{9A19103F-16F7-4668-BE54-9A1E7A4F7556}") = "ders3.9", "ders3.9\ders3.9.csproj", "{A0AE0892-192D-46CC-816A-44A7F74A2796}"
EndProject
Project("{9A19103F-16F7-4668-BE54-9A1E7A4F7556}") = "ders4.0", "ders4.0\ders4.0.csproj", "{DD465D32-7026-4284-94B0-4A31A189D885}"
EndProject
Project("{9A19103F-16F7-4668-BE54-9A1E7A4F7556}") = "ders4.1", "ders4.1\ders4.1.csproj", "{011B8C23-5996-48EF-AD51-56113ED40351}"
EndProject
Project("{9A19103F-16F7-4668-BE54-9A1E7A4F7556}") = "ders4.2", "ders4.2\ders4.2.csproj", "{3EE6198E-1CE4-4722-A97C-87EC222E5749}"
EndProject
Project("{9A19103F-16F7-4668-BE54-9A1E7A4F7556}") = "ders4.3", "ders4.3\ders4.3.csproj", "{120ACB92-5A57-42C7-B823-EBE14E94679F}"
EndProject
Project("{FAE04EC0-301F-11D3-BF4B-00C04F79EFBC}") = "ders4.4.1", "ders4.4.1\ders4.4.1.csproj", "{67FE679A-B547-4469-A930-74FCB74CDB55}"
EndProject
Project("{FAE04EC0-301F-11D3-BF4B-00C04F79EFBC}") = "ders4.5.1", "ders4.5.1\ders4.5.1.csproj", "{60E25695-6BCD-46DF-A072-16598DC0B8A2}"
EndProject
Project("{FAE04EC0-301F-11D3-BF4B-00C04F79EFBC}") = "ders4.7", "ders4.7\ders4.7.csproj", "{7396768E-3A14-4ACC-9F01-5E9EB364652F}"
EndProject
Project("{FAE04EC0-301F-11D3-BF4B-00C04F79EFBC}") = "ders4.8", "ders4.8\ders4.8.csproj", "{CB268276-DA48-4AA6-807C-2454D817D80F}"
EndProject
Project("{FAE04EC0-301F-11D3-BF4B-00C04F79EFBC}") = "ders4.9", "ders4.9\ders4.9.csproj", "{00981ECC-14BC-479A-AD53-E8936F232102}"
EndProject
Global
	GlobalSection(SolutionConfigurationPlatforms) = preSolution
		Debug|Any CPU = Debug|Any CPU
		Release|Any CPU = Release|Any CPU
	EndGlobalSection
	GlobalSection(ProjectConfigurationPlatforms) = postSolution
		{B5BC6ACF-8229-48C8-8AE7-AD6EE86D11C9}.Debug|Any CPU.ActiveCfg = Debug|Any CPU
		{B5BC6ACF-8229-48C8-8AE7-AD6EE86D11C9}.Debug|Any CPU.Build.0 = Debug|Any CPU
		{B5BC6ACF-8229-48C8-8AE7-AD6EE86D11C9}.Release|Any CPU.ActiveCfg = Release|Any CPU
		{B5BC6ACF-8229-48C8-8AE7-AD6EE86D11C9}.Release|Any CPU.Build.0 = Release|Any CPU
		{4C46EF07-3A2A-4C09-AFB3-1141BB74F2D6}.Debug|Any CPU.ActiveCfg = Debug|Any CPU
		{4C46EF07-3A2A-4C09-AFB3-1141BB74F2D6}.Debug|Any CPU.Build.0 = Debug|Any CPU
		{4C46EF07-3A2A-4C09-AFB3-1141BB74F2D6}.Release|Any CPU.ActiveCfg = Release|Any CPU
		{4C46EF07-3A2A-4C09-AFB3-1141BB74F2D6}.Release|Any CPU.Build.0 = Release|Any CPU
		{D4AEE42C-BCC3-4181-A2D8-D5484BF05CD9}.Debug|Any CPU.ActiveCfg = Debug|Any CPU
		{D4AEE42C-BCC3-4181-A2D8-D5484BF05CD9}.Debug|Any CPU.Build.0 = Debug|Any CPU
		{D4AEE42C-BCC3-4181-A2D8-D5484BF05CD9}.Release|Any CPU.ActiveCfg = Release|Any CPU
		{D4AEE42C-BCC3-4181-A2D8-D5484BF05CD9}.Release|Any CPU.Build.0 = Release|Any CPU
		{367B3B92-E3B5-4AEB-94E6-D1A9A4969830}.Debug|Any CPU.ActiveCfg = Debug|Any CPU
		{367B3B92-E3B5-4AEB-94E6-D1A9A4969830}.Debug|Any CPU.Build.0 = Debug|Any CPU
		{367B3B92-E3B5-4AEB-94E6-D1A9A4969830}.Release|Any CPU.ActiveCfg = Release|Any CPU
		{367B3B92-E3B5-4AEB-94E6-D1A9A4969830}.Release|Any CPU.Build.0 = Release|Any CPU
		{124885B1-5AC7-4136-AE51-3D88961165FA}.Debug|Any CPU.ActiveCfg = Debug|Any CPU
		{124885B1-5AC7-4136-AE51-3D88961165FA}.Debug|Any CPU.Build.0 = Debug|Any CPU
		{124885B1-5AC7-4136-AE51-3D88961165FA}.Release|Any CPU.ActiveCfg = Release|Any CPU
		{124885B1-5AC7-4136-AE51-3D88961165FA}.Release|Any CPU.Build.0 = Release|Any CPU
		{D63B61EC-C93F-409C-AA1E-79E1BB91365C}.Debug|Any CPU.ActiveCfg = Debug|Any CPU
		{D63B61EC-C93F-409C-AA1E-79E1BB91365C}.Debug|Any CPU.Build.0 = Debug|Any CPU
		{D63B61EC-C93F-409C-AA1E-79E1BB91365C}.Release|Any CPU.ActiveCfg = Release|Any CPU
		{D63B61EC-C93F-409C-AA1E-79E1BB91365C}.Release|Any CPU.Build.0 = Release|Any CPU
		{CE975623-29F2-4806-9F12-1A78B55A4472}.Debug|Any CPU.ActiveCfg = Debug|Any CPU
		{CE975623-29F2-4806-9F12-1A78B55A4472}.Debug|Any CPU.Build.0 = Debug|Any CPU
		{CE975623-29F2-4806-9F12-1A78B55A4472}.Release|Any CPU.ActiveCfg = Release|Any CPU
		{CE975623-29F2-4806-9F12-1A78B55A4472}.Release|Any CPU.Build.0 = Release|Any CPU
		{BE18EF0C-15B9-42FB-953E-8FF5B3DB4806}.Debug|Any CPU.ActiveCfg = Debug|Any CPU
		{BE18EF0C-15B9-42FB-953E-8FF5B3DB4806}.Debug|Any CPU.Build.0 = Debug|Any CPU
		{BE18EF0C-15B9-42FB-953E-8FF5B3DB4806}.Release|Any CPU.ActiveCfg = Release|Any CPU
		{BE18EF0C-15B9-42FB-953E-8FF5B3DB4806}.Release|Any CPU.Build.0 = Release|Any CPU
		{E7C8F7AB-E4FC-48CC-A83C-6A547A60184D}.Debug|Any CPU.ActiveCfg = Debug|Any CPU
		{E7C8F7AB-E4FC-48CC-A83C-6A547A60184D}.Debug|Any CPU.Build.0 = Debug|Any CPU
		{E7C8F7AB-E4FC-48CC-A83C-6A547A60184D}.Release|Any CPU.ActiveCfg = Release|Any CPU
		{E7C8F7AB-E4FC-48CC-A83C-6A547A60184D}.Release|Any CPU.Build.0 = Release|Any CPU
		{1F76ED4E-B33C-4D1D-B078-D146C0EC7BD9}.Debug|Any CPU.ActiveCfg = Debug|Any CPU
		{1F76ED4E-B33C-4D1D-B078-D146C0EC7BD9}.Debug|Any CPU.Build.0 = Debug|Any CPU
		{1F76ED4E-B33C-4D1D-B078-D146C0EC7BD9}.Release|Any CPU.ActiveCfg = Release|Any CPU
		{1F76ED4E-B33C-4D1D-B078-D146C0EC7BD9}.Release|Any CPU.Build.0 = Release|Any CPU
		{123E29A6-FE9F-4293-AD3A-E9D60D87FB88}.Debug|Any CPU.ActiveCfg = Debug|Any CPU
		{123E29A6-FE9F-4293-AD3A-E9D60D87FB88}.Debug|Any CPU.Build.0 = Debug|Any CPU
		{123E29A6-FE9F-4293-AD3A-E9D60D87FB88}.Release|Any CPU.ActiveCfg = Release|Any CPU
		{123E29A6-FE9F-4293-AD3A-E9D60D87FB88}.Release|Any CPU.Build.0 = Release|Any CPU
		{ED7FDB48-C554-4069-8094-67AA56B95D0A}.Debug|Any CPU.ActiveCfg = Debug|Any CPU
		{ED7FDB48-C554-4069-8094-67AA56B95D0A}.Debug|Any CPU.Build.0 = Debug|Any CPU
		{ED7FDB48-C554-4069-8094-67AA56B95D0A}.Release|Any CPU.ActiveCfg = Release|Any CPU
		{ED7FDB48-C554-4069-8094-67AA56B95D0A}.Release|Any CPU.Build.0 = Release|Any CPU
		{9E036E7F-0288-4073-9B70-9700AD5272CC}.Debug|Any CPU.ActiveCfg = Debug|Any CPU
		{9E036E7F-0288-4073-9B70-9700AD5272CC}.Debug|Any CPU.Build.0 = Debug|Any CPU
		{9E036E7F-0288-4073-9B70-9700AD5272CC}.Release|Any CPU.ActiveCfg = Release|Any CPU
		{9E036E7F-0288-4073-9B70-9700AD5272CC}.Release|Any CPU.Build.0 = Release|Any CPU
		{7846D6D4-1165-486D-B518-2FE3FE5F7D0B}.Debug|Any CPU.ActiveCfg = Debug|Any CPU
		{7846D6D4-1165-486D-B518-2FE3FE5F7D0B}.Debug|Any CPU.Build.0 = Debug|Any CPU
		{7846D6D4-1165-486D-B518-2FE3FE5F7D0B}.Release|Any CPU.ActiveCfg = Release|Any CPU
		{7846D6D4-1165-486D-B518-2FE3FE5F7D0B}.Release|Any CPU.Build.0 = Release|Any CPU
		{A87654D1-8A4D-4435-ADFA-6C515AD233C8}.Debug|Any CPU.ActiveCfg = Debug|Any CPU
		{A87654D1-8A4D-4435-ADFA-6C515AD233C8}.Debug|Any CPU.Build.0 = Debug|Any CPU
		{A87654D1-8A4D-4435-ADFA-6C515AD233C8}.Release|Any CPU.ActiveCfg = Release|Any CPU
		{A87654D1-8A4D-4435-ADFA-6C515AD233C8}.Release|Any CPU.Build.0 = Release|Any CPU
		{C7A36309-C3E1-4557-A661-79A2B7D77411}.Debug|Any CPU.ActiveCfg = Debug|Any CPU
		{C7A36309-C3E1-4557-A661-79A2B7D77411}.Debug|Any CPU.Build.0 = Debug|Any CPU
		{C7A36309-C3E1-4557-A661-79A2B7D77411}.Release|Any CPU.ActiveCfg = Release|Any CPU
		{C7A36309-C3E1-4557-A661-79A2B7D77411}.Release|Any CPU.Build.0 = Release|Any CPU
		{FAB11632-9BCE-4508-9EC6-996E5BC68DF8}.Debug|Any CPU.ActiveCfg = Debug|Any CPU
		{FAB11632-9BCE-4508-9EC6-996E5BC68DF8}.Debug|Any CPU.Build.0 = Debug|Any CPU
		{FAB11632-9BCE-4508-9EC6-996E5BC68DF8}.Release|Any CPU.ActiveCfg = Release|Any CPU
		{FAB11632-9BCE-4508-9EC6-996E5BC68DF8}.Release|Any CPU.Build.0 = Release|Any CPU
		{4116AADB-91D8-4765-A31E-DEAC786D22CE}.Debug|Any CPU.ActiveCfg = Debug|Any CPU
		{4116AADB-91D8-4765-A31E-DEAC786D22CE}.Debug|Any CPU.Build.0 = Debug|Any CPU
		{4116AADB-91D8-4765-A31E-DEAC786D22CE}.Release|Any CPU.ActiveCfg = Release|Any CPU
		{4116AADB-91D8-4765-A31E-DEAC786D22CE}.Release|Any CPU.Build.0 = Release|Any CPU
		{2BF3BAB5-8271-4B04-9887-1F233B6CAC44}.Debug|Any CPU.ActiveCfg = Debug|Any CPU
		{2BF3BAB5-8271-4B04-9887-1F233B6CAC44}.Debug|Any CPU.Build.0 = Debug|Any CPU
		{2BF3BAB5-8271-4B04-9887-1F233B6CAC44}.Release|Any CPU.ActiveCfg = Release|Any CPU
		{2BF3BAB5-8271-4B04-9887-1F233B6CAC44}.Release|Any CPU.Build.0 = Release|Any CPU
		{E0871EB4-B7C8-49E3-A107-3E80D170998E}.Debug|Any CPU.ActiveCfg = Debug|Any CPU
		{E0871EB4-B7C8-49E3-A107-3E80D170998E}.Debug|Any CPU.Build.0 = Debug|Any CPU
		{E0871EB4-B7C8-49E3-A107-3E80D170998E}.Release|Any CPU.ActiveCfg = Release|Any CPU
		{E0871EB4-B7C8-49E3-A107-3E80D170998E}.Release|Any CPU.Build.0 = Release|Any CPU
		{F53AF191-0189-4576-B6E5-0AF8C54CC106}.Debug|Any CPU.ActiveCfg = Debug|Any CPU
		{F53AF191-0189-4576-B6E5-0AF8C54CC106}.Debug|Any CPU.Build.0 = Debug|Any CPU
		{F53AF191-0189-4576-B6E5-0AF8C54CC106}.Release|Any CPU.ActiveCfg = Release|Any CPU
		{F53AF191-0189-4576-B6E5-0AF8C54CC106}.Release|Any CPU.Build.0 = Release|Any CPU
		{C33235F1-9A48-4FF7-BAB6-9A8A379ABFFE}.Debug|Any CPU.ActiveCfg = Debug|Any CPU
		{C33235F1-9A48-4FF7-BAB6-9A8A379ABFFE}.Debug|Any CPU.Build.0 = Debug|Any CPU
		{C33235F1-9A48-4FF7-BAB6-9A8A379ABFFE}.Release|Any CPU.ActiveCfg = Release|Any CPU
		{C33235F1-9A48-4FF7-BAB6-9A8A379ABFFE}.Release|Any CPU.Build.0 = Release|Any CPU
		{155F6F9C-FE33-453F-AF35-EF5332FE00DC}.Debug|Any CPU.ActiveCfg = Debug|Any CPU
		{155F6F9C-FE33-453F-AF35-EF5332FE00DC}.Debug|Any CPU.Build.0 = Debug|Any CPU
		{155F6F9C-FE33-453F-AF35-EF5332FE00DC}.Release|Any CPU.ActiveCfg = Release|Any CPU
		{155F6F9C-FE33-453F-AF35-EF5332FE00DC}.Release|Any CPU.Build.0 = Release|Any CPU
		{82E4FB5D-2306-47F2-A0DD-7ECF7332041C}.Debug|Any CPU.ActiveCfg = Debug|Any CPU
		{82E4FB5D-2306-47F2-A0DD-7ECF7332041C}.Debug|Any CPU.Build.0 = Debug|Any CPU
		{82E4FB5D-2306-47F2-A0DD-7ECF7332041C}.Release|Any CPU.ActiveCfg = Release|Any CPU
		{82E4FB5D-2306-47F2-A0DD-7ECF7332041C}.Release|Any CPU.Build.0 = Release|Any CPU
		{965CC950-829A-4174-860B-E95895DB00E9}.Debug|Any CPU.ActiveCfg = Debug|Any CPU
		{965CC950-829A-4174-860B-E95895DB00E9}.Debug|Any CPU.Build.0 = Debug|Any CPU
		{965CC950-829A-4174-860B-E95895DB00E9}.Release|Any CPU.ActiveCfg = Release|Any CPU
		{965CC950-829A-4174-860B-E95895DB00E9}.Release|Any CPU.Build.0 = Release|Any CPU
		{51EEC289-283B-495F-A4AE-7FA279FDE0D7}.Debug|Any CPU.ActiveCfg = Debug|Any CPU
		{51EEC289-283B-495F-A4AE-7FA279FDE0D7}.Debug|Any CPU.Build.0 = Debug|Any CPU
		{51EEC289-283B-495F-A4AE-7FA279FDE0D7}.Release|Any CPU.ActiveCfg = Release|Any CPU
		{51EEC289-283B-495F-A4AE-7FA279FDE0D7}.Release|Any CPU.Build.0 = Release|Any CPU
		{2A312A4F-346D-4035-B7D5-A5AA226B9E70}.Debug|Any CPU.ActiveCfg = Debug|Any CPU
		{2A312A4F-346D-4035-B7D5-A5AA226B9E70}.Debug|Any CPU.Build.0 = Debug|Any CPU
		{2A312A4F-346D-4035-B7D5-A5AA226B9E70}.Release|Any CPU.ActiveCfg = Release|Any CPU
		{2A312A4F-346D-4035-B7D5-A5AA226B9E70}.Release|Any CPU.Build.0 = Release|Any CPU
		{6AF670FE-249E-4F01-9D84-A2A132E24BFC}.Debug|Any CPU.ActiveCfg = Debug|Any CPU
		{6AF670FE-249E-4F01-9D84-A2A132E24BFC}.Debug|Any CPU.Build.0 = Debug|Any CPU
		{6AF670FE-249E-4F01-9D84-A2A132E24BFC}.Release|Any CPU.ActiveCfg = Release|Any CPU
		{6AF670FE-249E-4F01-9D84-A2A132E24BFC}.Release|Any CPU.Build.0 = Release|Any CPU
		{88F51445-C878-487B-9279-5440548EE190}.Debug|Any CPU.ActiveCfg = Debug|Any CPU
		{88F51445-C878-487B-9279-5440548EE190}.Debug|Any CPU.Build.0 = Debug|Any CPU
		{88F51445-C878-487B-9279-5440548EE190}.Release|Any CPU.ActiveCfg = Release|Any CPU
		{88F51445-C878-487B-9279-5440548EE190}.Release|Any CPU.Build.0 = Release|Any CPU
		{96A11B03-7013-4E13-963E-C526417F46CE}.Debug|Any CPU.ActiveCfg = Debug|Any CPU
		{96A11B03-7013-4E13-963E-C526417F46CE}.Debug|Any CPU.Build.0 = Debug|Any CPU
		{96A11B03-7013-4E13-963E-C526417F46CE}.Release|Any CPU.ActiveCfg = Release|Any CPU
		{96A11B03-7013-4E13-963E-C526417F46CE}.Release|Any CPU.Build.0 = Release|Any CPU
		{C7034F41-A7DB-4277-BF6D-109259C19616}.Debug|Any CPU.ActiveCfg = Debug|Any CPU
		{C7034F41-A7DB-4277-BF6D-109259C19616}.Debug|Any CPU.Build.0 = Debug|Any CPU
		{C7034F41-A7DB-4277-BF6D-109259C19616}.Release|Any CPU.ActiveCfg = Release|Any CPU
		{C7034F41-A7DB-4277-BF6D-109259C19616}.Release|Any CPU.Build.0 = Release|Any CPU
		{B71793E0-4633-4506-AEAC-C1843FBFA337}.Debug|Any CPU.ActiveCfg = Debug|Any CPU
		{B71793E0-4633-4506-AEAC-C1843FBFA337}.Debug|Any CPU.Build.0 = Debug|Any CPU
		{B71793E0-4633-4506-AEAC-C1843FBFA337}.Release|Any CPU.ActiveCfg = Release|Any CPU
		{B71793E0-4633-4506-AEAC-C1843FBFA337}.Release|Any CPU.Build.0 = Release|Any CPU
		{EEB78B3B-5C6C-4F1C-BA55-EC19CE41277E}.Debug|Any CPU.ActiveCfg = Debug|Any CPU
		{EEB78B3B-5C6C-4F1C-BA55-EC19CE41277E}.Debug|Any CPU.Build.0 = Debug|Any CPU
		{EEB78B3B-5C6C-4F1C-BA55-EC19CE41277E}.Release|Any CPU.ActiveCfg = Release|Any CPU
		{EEB78B3B-5C6C-4F1C-BA55-EC19CE41277E}.Release|Any CPU.Build.0 = Release|Any CPU
		{AC656A1D-22F8-4936-9702-C6D71A4ECDF7}.Debug|Any CPU.ActiveCfg = Debug|Any CPU
		{AC656A1D-22F8-4936-9702-C6D71A4ECDF7}.Debug|Any CPU.Build.0 = Debug|Any CPU
		{AC656A1D-22F8-4936-9702-C6D71A4ECDF7}.Release|Any CPU.ActiveCfg = Release|Any CPU
		{AC656A1D-22F8-4936-9702-C6D71A4ECDF7}.Release|Any CPU.Build.0 = Release|Any CPU
		{E6415996-F1D9-4CDD-98A7-F60D38CC414A}.Debug|Any CPU.ActiveCfg = Debug|Any CPU
		{E6415996-F1D9-4CDD-98A7-F60D38CC414A}.Debug|Any CPU.Build.0 = Debug|Any CPU
		{E6415996-F1D9-4CDD-98A7-F60D38CC414A}.Release|Any CPU.ActiveCfg = Release|Any CPU
		{E6415996-F1D9-4CDD-98A7-F60D38CC414A}.Release|Any CPU.Build.0 = Release|Any CPU
		{76116540-31B9-4795-903D-27123F72D1FE}.Debug|Any CPU.ActiveCfg = Debug|Any CPU
		{76116540-31B9-4795-903D-27123F72D1FE}.Debug|Any CPU.Build.0 = Debug|Any CPU
		{76116540-31B9-4795-903D-27123F72D1FE}.Release|Any CPU.ActiveCfg = Release|Any CPU
		{76116540-31B9-4795-903D-27123F72D1FE}.Release|Any CPU.Build.0 = Release|Any CPU
		{7F30AB8F-3A8B-46DA-96AB-D92B554D1FCE}.Debug|Any CPU.ActiveCfg = Debug|Any CPU
		{7F30AB8F-3A8B-46DA-96AB-D92B554D1FCE}.Debug|Any CPU.Build.0 = Debug|Any CPU
		{7F30AB8F-3A8B-46DA-96AB-D92B554D1FCE}.Release|Any CPU.ActiveCfg = Release|Any CPU
		{7F30AB8F-3A8B-46DA-96AB-D92B554D1FCE}.Release|Any CPU.Build.0 = Release|Any CPU
		{A0AE0892-192D-46CC-816A-44A7F74A2796}.Debug|Any CPU.ActiveCfg = Debug|Any CPU
		{A0AE0892-192D-46CC-816A-44A7F74A2796}.Debug|Any CPU.Build.0 = Debug|Any CPU
		{A0AE0892-192D-46CC-816A-44A7F74A2796}.Release|Any CPU.ActiveCfg = Release|Any CPU
		{A0AE0892-192D-46CC-816A-44A7F74A2796}.Release|Any CPU.Build.0 = Release|Any CPU
		{DD465D32-7026-4284-94B0-4A31A189D885}.Debug|Any CPU.ActiveCfg = Debug|Any CPU
		{DD465D32-7026-4284-94B0-4A31A189D885}.Debug|Any CPU.Build.0 = Debug|Any CPU
		{DD465D32-7026-4284-94B0-4A31A189D885}.Release|Any CPU.ActiveCfg = Release|Any CPU
		{DD465D32-7026-4284-94B0-4A31A189D885}.Release|Any CPU.Build.0 = Release|Any CPU
		{011B8C23-5996-48EF-AD51-56113ED40351}.Debug|Any CPU.ActiveCfg = Debug|Any CPU
		{011B8C23-5996-48EF-AD51-56113ED40351}.Debug|Any CPU.Build.0 = Debug|Any CPU
		{011B8C23-5996-48EF-AD51-56113ED40351}.Release|Any CPU.ActiveCfg = Release|Any CPU
		{011B8C23-5996-48EF-AD51-56113ED40351}.Release|Any CPU.Build.0 = Release|Any CPU
		{3EE6198E-1CE4-4722-A97C-87EC222E5749}.Debug|Any CPU.ActiveCfg = Debug|Any CPU
		{3EE6198E-1CE4-4722-A97C-87EC222E5749}.Debug|Any CPU.Build.0 = Debug|Any CPU
		{3EE6198E-1CE4-4722-A97C-87EC222E5749}.Release|Any CPU.ActiveCfg = Release|Any CPU
		{3EE6198E-1CE4-4722-A97C-87EC222E5749}.Release|Any CPU.Build.0 = Release|Any CPU
		{120ACB92-5A57-42C7-B823-EBE14E94679F}.Debug|Any CPU.ActiveCfg = Debug|Any CPU
		{120ACB92-5A57-42C7-B823-EBE14E94679F}.Debug|Any CPU.Build.0 = Debug|Any CPU
		{120ACB92-5A57-42C7-B823-EBE14E94679F}.Release|Any CPU.ActiveCfg = Release|Any CPU
		{120ACB92-5A57-42C7-B823-EBE14E94679F}.Release|Any CPU.Build.0 = Release|Any CPU
		{67FE679A-B547-4469-A930-74FCB74CDB55}.Debug|Any CPU.ActiveCfg = Debug|Any CPU
		{67FE679A-B547-4469-A930-74FCB74CDB55}.Debug|Any CPU.Build.0 = Debug|Any CPU
		{67FE679A-B547-4469-A930-74FCB74CDB55}.Release|Any CPU.ActiveCfg = Release|Any CPU
		{67FE679A-B547-4469-A930-74FCB74CDB55}.Release|Any CPU.Build.0 = Release|Any CPU
		{60E25695-6BCD-46DF-A072-16598DC0B8A2}.Debug|Any CPU.ActiveCfg = Debug|Any CPU
		{60E25695-6BCD-46DF-A072-16598DC0B8A2}.Debug|Any CPU.Build.0 = Debug|Any CPU
		{60E25695-6BCD-46DF-A072-16598DC0B8A2}.Release|Any CPU.ActiveCfg = Release|Any CPU
		{60E25695-6BCD-46DF-A072-16598DC0B8A2}.Release|Any CPU.Build.0 = Release|Any CPU
		{7396768E-3A14-4ACC-9F01-5E9EB364652F}.Debug|Any CPU.ActiveCfg = Debug|Any CPU
		{7396768E-3A14-4ACC-9F01-5E9EB364652F}.Debug|Any CPU.Build.0 = Debug|Any CPU
		{7396768E-3A14-4ACC-9F01-5E9EB364652F}.Release|Any CPU.ActiveCfg = Release|Any CPU
		{7396768E-3A14-4ACC-9F01-5E9EB364652F}.Release|Any CPU.Build.0 = Release|Any CPU
		{CB268276-DA48-4AA6-807C-2454D817D80F}.Debug|Any CPU.ActiveCfg = Debug|Any CPU
		{CB268276-DA48-4AA6-807C-2454D817D80F}.Debug|Any CPU.Build.0 = Debug|Any CPU
		{CB268276-DA48-4AA6-807C-2454D817D80F}.Release|Any CPU.ActiveCfg = Release|Any CPU
		{CB268276-DA48-4AA6-807C-2454D817D80F}.Release|Any CPU.Build.0 = Release|Any CPU
		{00981ECC-14BC-479A-AD53-E8936F232102}.Debug|Any CPU.ActiveCfg = Debug|Any CPU
		{00981ECC-14BC-479A-AD53-E8936F232102}.Debug|Any CPU.Build.0 = Debug|Any CPU
		{00981ECC-14BC-479A-AD53-E8936F232102}.Release|Any CPU.ActiveCfg = Release|Any CPU
		{00981ECC-14BC-479A-AD53-E8936F232102}.Release|Any CPU.Build.0 = Release|Any CPU
	EndGlobalSection
	GlobalSection(SolutionProperties) = preSolution
		HideSolutionNode = FALSE
	EndGlobalSection
	GlobalSection(ExtensibilityGlobals) = postSolution
		SolutionGuid = {686C740C-5C52-42B5-B602-3570CD43DAA9}
	EndGlobalSection
EndGlobal
